// !$*UTF8*$!
{
	archiveVersion = 1;
	classes = {
	};
	objectVersion = 53;
	objects = {

/* Begin PBXBuildFile section */
		981BF20026A15981007DBF11 /* AppDelegate.swift in Sources */ = {isa = PBXBuildFile; fileRef = 981BF1FF26A15981007DBF11 /* AppDelegate.swift */; };
		981BF20226A15981007DBF11 /* SceneDelegate.swift in Sources */ = {isa = PBXBuildFile; fileRef = 981BF20126A15981007DBF11 /* SceneDelegate.swift */; };
		981BF20426A15981007DBF11 /* ViewController.swift in Sources */ = {isa = PBXBuildFile; fileRef = 981BF20326A15981007DBF11 /* ViewController.swift */; };
		981BF20726A15981007DBF11 /* Main.storyboard in Resources */ = {isa = PBXBuildFile; fileRef = 981BF20526A15981007DBF11 /* Main.storyboard */; };
		981BF20926A15981007DBF11 /* Assets.xcassets in Resources */ = {isa = PBXBuildFile; fileRef = 981BF20826A15981007DBF11 /* Assets.xcassets */; };
		981BF20C26A15981007DBF11 /* LaunchScreen.storyboard in Resources */ = {isa = PBXBuildFile; fileRef = 981BF20A26A15981007DBF11 /* LaunchScreen.storyboard */; };
		9823603726B38A4300F7DB48 /* NFCSecurityMode.swift in Sources */ = {isa = PBXBuildFile; fileRef = 9823603626B38A4300F7DB48 /* NFCSecurityMode.swift */; };
		98413A6626AE991F00316702 /* CustomCell.swift in Sources */ = {isa = PBXBuildFile; fileRef = 98413A6526AE991F00316702 /* CustomCell.swift */; };
		98D5B6D026AA5FE200E4DFC1 /* ViewController+DataSource.swift in Sources */ = {isa = PBXBuildFile; fileRef = 98D5B6CF26AA5FE200E4DFC1 /* ViewController+DataSource.swift */; };
/* End PBXBuildFile section */

/* Begin PBXFileReference section */
		981BF1FC26A15981007DBF11 /* NFCReader.app */ = {isa = PBXFileReference; explicitFileType = wrapper.application; includeInIndex = 0; path = NFCReader.app; sourceTree = BUILT_PRODUCTS_DIR; };
		981BF1FF26A15981007DBF11 /* AppDelegate.swift */ = {isa = PBXFileReference; lastKnownFileType = sourcecode.swift; path = AppDelegate.swift; sourceTree = "<group>"; };
		981BF20126A15981007DBF11 /* SceneDelegate.swift */ = {isa = PBXFileReference; lastKnownFileType = sourcecode.swift; path = SceneDelegate.swift; sourceTree = "<group>"; };
		981BF20326A15981007DBF11 /* ViewController.swift */ = {isa = PBXFileReference; lastKnownFileType = sourcecode.swift; path = ViewController.swift; sourceTree = "<group>"; };
		981BF20626A15981007DBF11 /* Base */ = {isa = PBXFileReference; lastKnownFileType = file.storyboard; name = Base; path = Base.lproj/Main.storyboard; sourceTree = "<group>"; };
		981BF20826A15981007DBF11 /* Assets.xcassets */ = {isa = PBXFileReference; lastKnownFileType = folder.assetcatalog; path = Assets.xcassets; sourceTree = "<group>"; };
		981BF20B26A15981007DBF11 /* Base */ = {isa = PBXFileReference; lastKnownFileType = file.storyboard; name = Base; path = Base.lproj/LaunchScreen.storyboard; sourceTree = "<group>"; };
		981BF20D26A15981007DBF11 /* Info.plist */ = {isa = PBXFileReference; lastKnownFileType = text.plist.xml; path = Info.plist; sourceTree = "<group>"; };
		981BF21326A16D29007DBF11 /* NFCReader.entitlements */ = {isa = PBXFileReference; lastKnownFileType = text.plist.entitlements; path = NFCReader.entitlements; sourceTree = "<group>"; };
		9823603626B38A4300F7DB48 /* NFCSecurityMode.swift */ = {isa = PBXFileReference; lastKnownFileType = sourcecode.swift; path = NFCSecurityMode.swift; sourceTree = "<group>"; };
		98413A6526AE991F00316702 /* CustomCell.swift */ = {isa = PBXFileReference; lastKnownFileType = sourcecode.swift; path = CustomCell.swift; sourceTree = "<group>"; };
		98D5B6CF26AA5FE200E4DFC1 /* ViewController+DataSource.swift */ = {isa = PBXFileReference; lastKnownFileType = sourcecode.swift; path = "ViewController+DataSource.swift"; sourceTree = "<group>"; };
/* End PBXFileReference section */

/* Begin PBXFrameworksBuildPhase section */
		981BF1F926A15981007DBF11 /* Frameworks */ = {
			isa = PBXFrameworksBuildPhase;
			buildActionMask = 2147483647;
			files = (
			);
			runOnlyForDeploymentPostprocessing = 0;
		};
/* End PBXFrameworksBuildPhase section */

/* Begin PBXGroup section */
		981BF1F326A15981007DBF11 = {
			isa = PBXGroup;
			children = (
				981BF1FE26A15981007DBF11 /* NFCReader */,
				981BF1FD26A15981007DBF11 /* Products */,
			);
			sourceTree = "<group>";
		};
		981BF1FD26A15981007DBF11 /* Products */ = {
			isa = PBXGroup;
			children = (
				981BF1FC26A15981007DBF11 /* NFCReader.app */,
			);
			name = Products;
			sourceTree = "<group>";
		};
		981BF1FE26A15981007DBF11 /* NFCReader */ = {
			isa = PBXGroup;
			children = (
				9823603526B38A2400F7DB48 /* Enums */,
				981BF21326A16D29007DBF11 /* NFCReader.entitlements */,
				981BF1FF26A15981007DBF11 /* AppDelegate.swift */,
				981BF20126A15981007DBF11 /* SceneDelegate.swift */,
				981BF20326A15981007DBF11 /* ViewController.swift */,
				98D5B6CF26AA5FE200E4DFC1 /* ViewController+DataSource.swift */,
				98413A6526AE991F00316702 /* CustomCell.swift */,
				981BF20526A15981007DBF11 /* Main.storyboard */,
				981BF20826A15981007DBF11 /* Assets.xcassets */,
				981BF20A26A15981007DBF11 /* LaunchScreen.storyboard */,
				981BF20D26A15981007DBF11 /* Info.plist */,
			);
			path = NFCReader;
			sourceTree = "<group>";
		};
		9823603526B38A2400F7DB48 /* Enums */ = {
			isa = PBXGroup;
			children = (
				9823603626B38A4300F7DB48 /* NFCSecurityMode.swift */,
			);
			path = Enums;
			sourceTree = "<group>";
		};
/* End PBXGroup section */

/* Begin PBXNativeTarget section */
		981BF1FB26A15981007DBF11 /* NFCReader */ = {
			isa = PBXNativeTarget;
			buildConfigurationList = 981BF21026A15981007DBF11 /* Build configuration list for PBXNativeTarget "NFCReader" */;
			buildPhases = (
				981BF1F826A15981007DBF11 /* Sources */,
				981BF1F926A15981007DBF11 /* Frameworks */,
				981BF1FA26A15981007DBF11 /* Resources */,
			);
			buildRules = (
			);
			dependencies = (
			);
			name = NFCReader;
			productName = NFCReader;
			productReference = 981BF1FC26A15981007DBF11 /* NFCReader.app */;
			productType = "com.apple.product-type.application";
		};
/* End PBXNativeTarget section */

/* Begin PBXProject section */
		981BF1F426A15981007DBF11 /* Project object */ = {
			isa = PBXProject;
			attributes = {
				LastSwiftUpdateCheck = 1250;
				LastUpgradeCheck = 1250;
				TargetAttributes = {
					981BF1FB26A15981007DBF11 = {
						CreatedOnToolsVersion = 12.5.1;
					};
				};
			};
			buildConfigurationList = 981BF1F726A15981007DBF11 /* Build configuration list for PBXProject "NFCReader" */;
			compatibilityVersion = "Xcode 11.4";
			developmentRegion = en;
			hasScannedForEncodings = 0;
			knownRegions = (
				en,
				Base,
			);
			mainGroup = 981BF1F326A15981007DBF11;
			productRefGroup = 981BF1FD26A15981007DBF11 /* Products */;
			projectDirPath = "";
			projectRoot = "";
			targets = (
				981BF1FB26A15981007DBF11 /* NFCReader */,
			);
		};
/* End PBXProject section */

/* Begin PBXResourcesBuildPhase section */
		981BF1FA26A15981007DBF11 /* Resources */ = {
			isa = PBXResourcesBuildPhase;
			buildActionMask = 2147483647;
			files = (
				981BF20C26A15981007DBF11 /* LaunchScreen.storyboard in Resources */,
				981BF20926A15981007DBF11 /* Assets.xcassets in Resources */,
				981BF20726A15981007DBF11 /* Main.storyboard in Resources */,
			);
			runOnlyForDeploymentPostprocessing = 0;
		};
/* End PBXResourcesBuildPhase section */

/* Begin PBXSourcesBuildPhase section */
		981BF1F826A15981007DBF11 /* Sources */ = {
			isa = PBXSourcesBuildPhase;
			buildActionMask = 2147483647;
			files = (
				9823603726B38A4300F7DB48 /* NFCSecurityMode.swift in Sources */,
				981BF20426A15981007DBF11 /* ViewController.swift in Sources */,
				981BF20026A15981007DBF11 /* AppDelegate.swift in Sources */,
				98413A6626AE991F00316702 /* CustomCell.swift in Sources */,
				981BF20226A15981007DBF11 /* SceneDelegate.swift in Sources */,
				98D5B6D026AA5FE200E4DFC1 /* ViewController+DataSource.swift in Sources */,
			);
			runOnlyForDeploymentPostprocessing = 0;
		};
/* End PBXSourcesBuildPhase section */

/* Begin PBXVariantGroup section */
		981BF20526A15981007DBF11 /* Main.storyboard */ = {
			isa = PBXVariantGroup;
			children = (
				981BF20626A15981007DBF11 /* Base */,
			);
			name = Main.storyboard;
			sourceTree = "<group>";
		};
		981BF20A26A15981007DBF11 /* LaunchScreen.storyboard */ = {
			isa = PBXVariantGroup;
			children = (
				981BF20B26A15981007DBF11 /* Base */,
			);
			name = LaunchScreen.storyboard;
			sourceTree = "<group>";
		};
/* End PBXVariantGroup section */

/* Begin XCBuildConfiguration section */
		981BF20E26A15981007DBF11 /* Debug */ = {
			isa = XCBuildConfiguration;
			buildSettings = {
				ALWAYS_SEARCH_USER_PATHS = NO;
				CLANG_ANALYZER_NONNULL = YES;
				CLANG_ANALYZER_NUMBER_OBJECT_CONVERSION = YES_AGGRESSIVE;
				CLANG_CXX_LANGUAGE_STANDARD = "gnu++14";
				CLANG_CXX_LIBRARY = "libc++";
				CLANG_ENABLE_MODULES = YES;
				CLANG_ENABLE_OBJC_ARC = YES;
				CLANG_ENABLE_OBJC_WEAK = YES;
				CLANG_WARN_BLOCK_CAPTURE_AUTORELEASING = YES;
				CLANG_WARN_BOOL_CONVERSION = YES;
				CLANG_WARN_COMMA = YES;
				CLANG_WARN_CONSTANT_CONVERSION = YES;
				CLANG_WARN_DEPRECATED_OBJC_IMPLEMENTATIONS = YES;
				CLANG_WARN_DIRECT_OBJC_ISA_USAGE = YES_ERROR;
				CLANG_WARN_DOCUMENTATION_COMMENTS = YES;
				CLANG_WARN_EMPTY_BODY = YES;
				CLANG_WARN_ENUM_CONVERSION = YES;
				CLANG_WARN_INFINITE_RECURSION = YES;
				CLANG_WARN_INT_CONVERSION = YES;
				CLANG_WARN_NON_LITERAL_NULL_CONVERSION = YES;
				CLANG_WARN_OBJC_IMPLICIT_RETAIN_SELF = YES;
				CLANG_WARN_OBJC_LITERAL_CONVERSION = YES;
				CLANG_WARN_OBJC_ROOT_CLASS = YES_ERROR;
				CLANG_WARN_QUOTED_INCLUDE_IN_FRAMEWORK_HEADER = YES;
				CLANG_WARN_RANGE_LOOP_ANALYSIS = YES;
				CLANG_WARN_STRICT_PROTOTYPES = YES;
				CLANG_WARN_SUSPICIOUS_MOVE = YES;
				CLANG_WARN_UNGUARDED_AVAILABILITY = YES_AGGRESSIVE;
				CLANG_WARN_UNREACHABLE_CODE = YES;
				CLANG_WARN__DUPLICATE_METHOD_MATCH = YES;
				CODE_SIGN_ALLOW_ENTITLEMENTS_MODIFICATION = YES;
				COPY_PHASE_STRIP = NO;
				DEBUG_INFORMATION_FORMAT = dwarf;
				ENABLE_STRICT_OBJC_MSGSEND = YES;
				ENABLE_TESTABILITY = YES;
				GCC_C_LANGUAGE_STANDARD = gnu11;
				GCC_DYNAMIC_NO_PIC = NO;
				GCC_NO_COMMON_BLOCKS = YES;
				GCC_OPTIMIZATION_LEVEL = 0;
				GCC_PREPROCESSOR_DEFINITIONS = (
					"DEBUG=1",
					"$(inherited)",
				);
				GCC_WARN_64_TO_32_BIT_CONVERSION = YES;
				GCC_WARN_ABOUT_RETURN_TYPE = YES_ERROR;
				GCC_WARN_UNDECLARED_SELECTOR = YES;
				GCC_WARN_UNINITIALIZED_AUTOS = YES_AGGRESSIVE;
				GCC_WARN_UNUSED_FUNCTION = YES;
				GCC_WARN_UNUSED_VARIABLE = YES;
				IPHONEOS_DEPLOYMENT_TARGET = 14.1;
				MTL_ENABLE_DEBUG_INFO = INCLUDE_SOURCE;
				MTL_FAST_MATH = YES;
				ONLY_ACTIVE_ARCH = YES;
				SDKROOT = iphoneos;
				SWIFT_ACTIVE_COMPILATION_CONDITIONS = DEBUG;
				SWIFT_OPTIMIZATION_LEVEL = "-Onone";
				SWIFT_VERSION = 5.0;
			};
			name = Debug;
		};
		981BF20F26A15981007DBF11 /* Release */ = {
			isa = XCBuildConfiguration;
			buildSettings = {
				ALWAYS_SEARCH_USER_PATHS = NO;
				CLANG_ANALYZER_NONNULL = YES;
				CLANG_ANALYZER_NUMBER_OBJECT_CONVERSION = YES_AGGRESSIVE;
				CLANG_CXX_LANGUAGE_STANDARD = "gnu++14";
				CLANG_CXX_LIBRARY = "libc++";
				CLANG_ENABLE_MODULES = YES;
				CLANG_ENABLE_OBJC_ARC = YES;
				CLANG_ENABLE_OBJC_WEAK = YES;
				CLANG_WARN_BLOCK_CAPTURE_AUTORELEASING = YES;
				CLANG_WARN_BOOL_CONVERSION = YES;
				CLANG_WARN_COMMA = YES;
				CLANG_WARN_CONSTANT_CONVERSION = YES;
				CLANG_WARN_DEPRECATED_OBJC_IMPLEMENTATIONS = YES;
				CLANG_WARN_DIRECT_OBJC_ISA_USAGE = YES_ERROR;
				CLANG_WARN_DOCUMENTATION_COMMENTS = YES;
				CLANG_WARN_EMPTY_BODY = YES;
				CLANG_WARN_ENUM_CONVERSION = YES;
				CLANG_WARN_INFINITE_RECURSION = YES;
				CLANG_WARN_INT_CONVERSION = YES;
				CLANG_WARN_NON_LITERAL_NULL_CONVERSION = YES;
				CLANG_WARN_OBJC_IMPLICIT_RETAIN_SELF = YES;
				CLANG_WARN_OBJC_LITERAL_CONVERSION = YES;
				CLANG_WARN_OBJC_ROOT_CLASS = YES_ERROR;
				CLANG_WARN_QUOTED_INCLUDE_IN_FRAMEWORK_HEADER = YES;
				CLANG_WARN_RANGE_LOOP_ANALYSIS = YES;
				CLANG_WARN_STRICT_PROTOTYPES = YES;
				CLANG_WARN_SUSPICIOUS_MOVE = YES;
				CLANG_WARN_UNGUARDED_AVAILABILITY = YES_AGGRESSIVE;
				CLANG_WARN_UNREACHABLE_CODE = YES;
				CLANG_WARN__DUPLICATE_METHOD_MATCH = YES;
				CODE_SIGN_ALLOW_ENTITLEMENTS_MODIFICATION = YES;
				COPY_PHASE_STRIP = NO;
				DEBUG_INFORMATION_FORMAT = "dwarf-with-dsym";
				ENABLE_NS_ASSERTIONS = NO;
				ENABLE_STRICT_OBJC_MSGSEND = YES;
				GCC_C_LANGUAGE_STANDARD = gnu11;
				GCC_NO_COMMON_BLOCKS = YES;
				GCC_WARN_64_TO_32_BIT_CONVERSION = YES;
				GCC_WARN_ABOUT_RETURN_TYPE = YES_ERROR;
				GCC_WARN_UNDECLARED_SELECTOR = YES;
				GCC_WARN_UNINITIALIZED_AUTOS = YES_AGGRESSIVE;
				GCC_WARN_UNUSED_FUNCTION = YES;
				GCC_WARN_UNUSED_VARIABLE = YES;
				IPHONEOS_DEPLOYMENT_TARGET = 14.1;
				MTL_ENABLE_DEBUG_INFO = NO;
				MTL_FAST_MATH = YES;
				SDKROOT = iphoneos;
				SWIFT_COMPILATION_MODE = wholemodule;
				SWIFT_OPTIMIZATION_LEVEL = "-O";
				SWIFT_VERSION = 5.0;
				VALIDATE_PRODUCT = YES;
			};
			name = Release;
		};
		981BF21126A15981007DBF11 /* Debug */ = {
			isa = XCBuildConfiguration;
			buildSettings = {
				ASSETCATALOG_COMPILER_APPICON_NAME = AppIcon;
				ASSETCATALOG_COMPILER_GLOBAL_ACCENT_COLOR_NAME = AccentColor;
				CODE_SIGN_ALLOW_ENTITLEMENTS_MODIFICATION = YES;
				CODE_SIGN_ENTITLEMENTS = NFCReader/NFCReader.entitlements;
				CODE_SIGN_IDENTITY = "Apple Development";
				CODE_SIGN_STYLE = Automatic;
				DEVELOPMENT_TEAM = 7KR9AH9TFM;
				INFOPLIST_FILE = NFCReader/Info.plist;
				LD_RUNPATH_SEARCH_PATHS = (
					"$(inherited)",
					"@executable_path/Frameworks",
				);
				PRODUCT_BUNDLE_IDENTIFIER = kr.co.inek.NFCReader;
				PRODUCT_NAME = "$(TARGET_NAME)";
				PROVISIONING_PROFILE_SPECIFIER = "";
				SWIFT_VERSION = 5.0;
				TARGETED_DEVICE_FAMILY = 1;
			};
			name = Debug;
		};
		981BF21226A15981007DBF11 /* Release */ = {
			isa = XCBuildConfiguration;
			buildSettings = {
				ASSETCATALOG_COMPILER_APPICON_NAME = AppIcon;
				ASSETCATALOG_COMPILER_GLOBAL_ACCENT_COLOR_NAME = AccentColor;
				CODE_SIGN_ALLOW_ENTITLEMENTS_MODIFICATION = YES;
				CODE_SIGN_ENTITLEMENTS = NFCReader/NFCReader.entitlements;
				CODE_SIGN_IDENTITY = "Apple Development";
				CODE_SIGN_STYLE = Automatic;
				DEVELOPMENT_TEAM = 7KR9AH9TFM;
				INFOPLIST_FILE = NFCReader/Info.plist;
				LD_RUNPATH_SEARCH_PATHS = (
					"$(inherited)",
					"@executable_path/Frameworks",
				);
				PRODUCT_BUNDLE_IDENTIFIER = kr.co.inek.NFCReader;
				PRODUCT_NAME = "$(TARGET_NAME)";
				PROVISIONING_PROFILE_SPECIFIER = "";
				SWIFT_VERSION = 5.0;
				TARGETED_DEVICE_FAMILY = 1;
			};
			name = Release;
		};
/* End XCBuildConfiguration section */

/* Begin XCConfigurationList section */
		981BF1F726A15981007DBF11 /* Build configuration list for PBXProject "NFCReader" */ = {
			isa = XCConfigurationList;
			buildConfigurations = (
				981BF20E26A15981007DBF11 /* Debug */,
				981BF20F26A15981007DBF11 /* Release */,
			);
			defaultConfigurationIsVisible = 0;
			defaultConfigurationName = Release;
		};
		981BF21026A15981007DBF11 /* Build configuration list for PBXNativeTarget "NFCReader" */ = {
			isa = XCConfigurationList;
			buildConfigurations = (
				981BF21126A15981007DBF11 /* Debug */,
				981BF21226A15981007DBF11 /* Release */,
			);
			defaultConfigurationIsVisible = 0;
			defaultConfigurationName = Release;
		};
/* End XCConfigurationList section */
	};
	rootObject = 981BF1F426A15981007DBF11 /* Project object */;
}
